// !$*UTF8*$!
{
	archiveVersion = 1;
	classes = {
	};
	objectVersion = 50;
	objects = {

/* Begin PBXBuildFile section */
		D23BE31123FB539400655B9F /* AppDelegate.swift in Sources */ = {isa = PBXBuildFile; fileRef = D23BE31023FB539400655B9F /* AppDelegate.swift */; };
		D23BE31323FB539400655B9F /* SceneDelegate.swift in Sources */ = {isa = PBXBuildFile; fileRef = D23BE31223FB539400655B9F /* SceneDelegate.swift */; };
		D23BE31523FB539400655B9F /* ViewController.swift in Sources */ = {isa = PBXBuildFile; fileRef = D23BE31423FB539400655B9F /* ViewController.swift */; };
		D23BE31823FB539400655B9F /* Main.storyboard in Resources */ = {isa = PBXBuildFile; fileRef = D23BE31623FB539400655B9F /* Main.storyboard */; };
		D23BE31A23FB539700655B9F /* Assets.xcassets in Resources */ = {isa = PBXBuildFile; fileRef = D23BE31923FB539700655B9F /* Assets.xcassets */; };
		D23BE31D23FB539700655B9F /* LaunchScreen.storyboard in Resources */ = {isa = PBXBuildFile; fileRef = D23BE31B23FB539700655B9F /* LaunchScreen.storyboard */; };
		D23BE32823FB539700655B9F /* Calculate_The_TipTests.swift in Sources */ = {isa = PBXBuildFile; fileRef = D23BE32723FB539700655B9F /* Calculate_The_TipTests.swift */; };
		D23BE33323FB539700655B9F /* Calculate_The_TipUITests.swift in Sources */ = {isa = PBXBuildFile; fileRef = D23BE33223FB539700655B9F /* Calculate_The_TipUITests.swift */; };
/* End PBXBuildFile section */

/* Begin PBXContainerItemProxy section */
		D23BE32423FB539700655B9F /* PBXContainerItemProxy */ = {
			isa = PBXContainerItemProxy;
			containerPortal = D23BE30523FB539400655B9F /* Project object */;
			proxyType = 1;
			remoteGlobalIDString = D23BE30C23FB539400655B9F;
			remoteInfo = "Calculate The Tip";
		};
		D23BE32F23FB539700655B9F /* PBXContainerItemProxy */ = {
			isa = PBXContainerItemProxy;
			containerPortal = D23BE30523FB539400655B9F /* Project object */;
			proxyType = 1;
			remoteGlobalIDString = D23BE30C23FB539400655B9F;
			remoteInfo = "Calculate The Tip";
		};
/* End PBXContainerItemProxy section */

/* Begin PBXFileReference section */
		D23BE30D23FB539400655B9F /* Calculate The Tip.app */ = {isa = PBXFileReference; explicitFileType = wrapper.application; includeInIndex = 0; path = "Calculate The Tip.app"; sourceTree = BUILT_PRODUCTS_DIR; };
		D23BE31023FB539400655B9F /* AppDelegate.swift */ = {isa = PBXFileReference; lastKnownFileType = sourcecode.swift; path = AppDelegate.swift; sourceTree = "<group>"; };
		D23BE31223FB539400655B9F /* SceneDelegate.swift */ = {isa = PBXFileReference; lastKnownFileType = sourcecode.swift; path = SceneDelegate.swift; sourceTree = "<group>"; };
		D23BE31423FB539400655B9F /* ViewController.swift */ = {isa = PBXFileReference; lastKnownFileType = sourcecode.swift; path = ViewController.swift; sourceTree = "<group>"; };
		D23BE31723FB539400655B9F /* Base */ = {isa = PBXFileReference; lastKnownFileType = file.storyboard; name = Base; path = Base.lproj/Main.storyboard; sourceTree = "<group>"; };
		D23BE31923FB539700655B9F /* Assets.xcassets */ = {isa = PBXFileReference; lastKnownFileType = folder.assetcatalog; path = Assets.xcassets; sourceTree = "<group>"; };
		D23BE31C23FB539700655B9F /* Base */ = {isa = PBXFileReference; lastKnownFileType = file.storyboard; name = Base; path = Base.lproj/LaunchScreen.storyboard; sourceTree = "<group>"; };
		D23BE31E23FB539700655B9F /* Info.plist */ = {isa = PBXFileReference; lastKnownFileType = text.plist.xml; path = Info.plist; sourceTree = "<group>"; };
		D23BE32323FB539700655B9F /* Calculate The TipTests.xctest */ = {isa = PBXFileReference; explicitFileType = wrapper.cfbundle; includeInIndex = 0; path = "Calculate The TipTests.xctest"; sourceTree = BUILT_PRODUCTS_DIR; };
		D23BE32723FB539700655B9F /* Calculate_The_TipTests.swift */ = {isa = PBXFileReference; lastKnownFileType = sourcecode.swift; path = Calculate_The_TipTests.swift; sourceTree = "<group>"; };
		D23BE32923FB539700655B9F /* Info.plist */ = {isa = PBXFileReference; lastKnownFileType = text.plist.xml; path = Info.plist; sourceTree = "<group>"; };
		D23BE32E23FB539700655B9F /* Calculate The TipUITests.xctest */ = {isa = PBXFileReference; explicitFileType = wrapper.cfbundle; includeInIndex = 0; path = "Calculate The TipUITests.xctest"; sourceTree = BUILT_PRODUCTS_DIR; };
		D23BE33223FB539700655B9F /* Calculate_The_TipUITests.swift */ = {isa = PBXFileReference; lastKnownFileType = sourcecode.swift; path = Calculate_The_TipUITests.swift; sourceTree = "<group>"; };
		D23BE33423FB539700655B9F /* Info.plist */ = {isa = PBXFileReference; lastKnownFileType = text.plist.xml; path = Info.plist; sourceTree = "<group>"; };
/* End PBXFileReference section */

/* Begin PBXFrameworksBuildPhase section */
		D23BE30A23FB539400655B9F /* Frameworks */ = {
			isa = PBXFrameworksBuildPhase;
			buildActionMask = 2147483647;
			files = (
			);
			runOnlyForDeploymentPostprocessing = 0;
		};
		D23BE32023FB539700655B9F /* Frameworks */ = {
			isa = PBXFrameworksBuildPhase;
			buildActionMask = 2147483647;
			files = (
			);
			runOnlyForDeploymentPostprocessing = 0;
		};
		D23BE32B23FB539700655B9F /* Frameworks */ = {
			isa = PBXFrameworksBuildPhase;
			buildActionMask = 2147483647;
			files = (
			);
			runOnlyForDeploymentPostprocessing = 0;
		};
/* End PBXFrameworksBuildPhase section */

/* Begin PBXGroup section */
		D23BE30423FB539400655B9F = {
			isa = PBXGroup;
			children = (
				D23BE30F23FB539400655B9F /* Calculate The Tip */,
				D23BE32623FB539700655B9F /* Calculate The TipTests */,
				D23BE33123FB539700655B9F /* Calculate The TipUITests */,
				D23BE30E23FB539400655B9F /* Products */,
			);
			sourceTree = "<group>";
		};
		D23BE30E23FB539400655B9F /* Products */ = {
			isa = PBXGroup;
			children = (
				D23BE30D23FB539400655B9F /* Calculate The Tip.app */,
				D23BE32323FB539700655B9F /* Calculate The TipTests.xctest */,
				D23BE32E23FB539700655B9F /* Calculate The TipUITests.xctest */,
			);
			name = Products;
			sourceTree = "<group>";
		};
		D23BE30F23FB539400655B9F /* Calculate The Tip */ = {
			isa = PBXGroup;
			children = (
				D23BE31023FB539400655B9F /* AppDelegate.swift */,
				D23BE31223FB539400655B9F /* SceneDelegate.swift */,
				D23BE31423FB539400655B9F /* ViewController.swift */,
				D23BE31623FB539400655B9F /* Main.storyboard */,
				D23BE31923FB539700655B9F /* Assets.xcassets */,
				D23BE31B23FB539700655B9F /* LaunchScreen.storyboard */,
				D23BE31E23FB539700655B9F /* Info.plist */,
			);
			path = "Calculate The Tip";
			sourceTree = "<group>";
		};
		D23BE32623FB539700655B9F /* Calculate The TipTests */ = {
			isa = PBXGroup;
			children = (
				D23BE32723FB539700655B9F /* Calculate_The_TipTests.swift */,
				D23BE32923FB539700655B9F /* Info.plist */,
			);
			path = "Calculate The TipTests";
			sourceTree = "<group>";
		};
		D23BE33123FB539700655B9F /* Calculate The TipUITests */ = {
			isa = PBXGroup;
			children = (
				D23BE33223FB539700655B9F /* Calculate_The_TipUITests.swift */,
				D23BE33423FB539700655B9F /* Info.plist */,
			);
			path = "Calculate The TipUITests";
			sourceTree = "<group>";
		};
/* End PBXGroup section */

/* Begin PBXNativeTarget section */
		D23BE30C23FB539400655B9F /* Calculate The Tip */ = {
			isa = PBXNativeTarget;
			buildConfigurationList = D23BE33723FB539700655B9F /* Build configuration list for PBXNativeTarget "Calculate The Tip" */;
			buildPhases = (
				D23BE30923FB539400655B9F /* Sources */,
				D23BE30A23FB539400655B9F /* Frameworks */,
				D23BE30B23FB539400655B9F /* Resources */,
			);
			buildRules = (
			);
			dependencies = (
			);
			name = "Calculate The Tip";
			productName = "Calculate The Tip";
			productReference = D23BE30D23FB539400655B9F /* Calculate The Tip.app */;
			productType = "com.apple.product-type.application";
		};
		D23BE32223FB539700655B9F /* Calculate The TipTests */ = {
			isa = PBXNativeTarget;
			buildConfigurationList = D23BE33A23FB539700655B9F /* Build configuration list for PBXNativeTarget "Calculate The TipTests" */;
			buildPhases = (
				D23BE31F23FB539700655B9F /* Sources */,
				D23BE32023FB539700655B9F /* Frameworks */,
				D23BE32123FB539700655B9F /* Resources */,
			);
			buildRules = (
			);
			dependencies = (
				D23BE32523FB539700655B9F /* PBXTargetDependency */,
			);
			name = "Calculate The TipTests";
			productName = "Calculate The TipTests";
			productReference = D23BE32323FB539700655B9F /* Calculate The TipTests.xctest */;
			productType = "com.apple.product-type.bundle.unit-test";
		};
		D23BE32D23FB539700655B9F /* Calculate The TipUITests */ = {
			isa = PBXNativeTarget;
			buildConfigurationList = D23BE33D23FB539700655B9F /* Build configuration list for PBXNativeTarget "Calculate The TipUITests" */;
			buildPhases = (
				D23BE32A23FB539700655B9F /* Sources */,
				D23BE32B23FB539700655B9F /* Frameworks */,
				D23BE32C23FB539700655B9F /* Resources */,
			);
			buildRules = (
			);
			dependencies = (
				D23BE33023FB539700655B9F /* PBXTargetDependency */,
			);
			name = "Calculate The TipUITests";
			productName = "Calculate The TipUITests";
			productReference = D23BE32E23FB539700655B9F /* Calculate The TipUITests.xctest */;
			productType = "com.apple.product-type.bundle.ui-testing";
		};
/* End PBXNativeTarget section */

/* Begin PBXProject section */
		D23BE30523FB539400655B9F /* Project object */ = {
			isa = PBXProject;
			attributes = {
				LastSwiftUpdateCheck = 1130;
				LastUpgradeCheck = 1130;
				ORGANIZATIONNAME = ClevelandY.;
				TargetAttributes = {
					D23BE30C23FB539400655B9F = {
						CreatedOnToolsVersion = 11.3;
					};
					D23BE32223FB539700655B9F = {
						CreatedOnToolsVersion = 11.3;
						TestTargetID = D23BE30C23FB539400655B9F;
					};
					D23BE32D23FB539700655B9F = {
						CreatedOnToolsVersion = 11.3;
						TestTargetID = D23BE30C23FB539400655B9F;
					};
				};
			};
			buildConfigurationList = D23BE30823FB539400655B9F /* Build configuration list for PBXProject "Calculate The Tip" */;
			compatibilityVersion = "Xcode 9.3";
			developmentRegion = en;
			hasScannedForEncodings = 0;
			knownRegions = (
				en,
				Base,
			);
			mainGroup = D23BE30423FB539400655B9F;
			productRefGroup = D23BE30E23FB539400655B9F /* Products */;
			projectDirPath = "";
			projectRoot = "";
			targets = (
				D23BE30C23FB539400655B9F /* Calculate The Tip */,
				D23BE32223FB539700655B9F /* Calculate The TipTests */,
				D23BE32D23FB539700655B9F /* Calculate The TipUITests */,
			);
		};
/* End PBXProject section */

/* Begin PBXResourcesBuildPhase section */
		D23BE30B23FB539400655B9F /* Resources */ = {
			isa = PBXResourcesBuildPhase;
			buildActionMask = 2147483647;
			files = (
				D23BE31D23FB539700655B9F /* LaunchScreen.storyboard in Resources */,
				D23BE31A23FB539700655B9F /* Assets.xcassets in Resources */,
				D23BE31823FB539400655B9F /* Main.storyboard in Resources */,
			);
			runOnlyForDeploymentPostprocessing = 0;
		};
		D23BE32123FB539700655B9F /* Resources */ = {
			isa = PBXResourcesBuildPhase;
			buildActionMask = 2147483647;
			files = (
			);
			runOnlyForDeploymentPostprocessing = 0;
		};
		D23BE32C23FB539700655B9F /* Resources */ = {
			isa = PBXResourcesBuildPhase;
			buildActionMask = 2147483647;
			files = (
			);
			runOnlyForDeploymentPostprocessing = 0;
		};
/* End PBXResourcesBuildPhase section */

/* Begin PBXSourcesBuildPhase section */
		D23BE30923FB539400655B9F /* Sources */ = {
			isa = PBXSourcesBuildPhase;
			buildActionMask = 2147483647;
			files = (
				D23BE31523FB539400655B9F /* ViewController.swift in Sources */,
				D23BE31123FB539400655B9F /* AppDelegate.swift in Sources */,
				D23BE31323FB539400655B9F /* SceneDelegate.swift in Sources */,
			);
			runOnlyForDeploymentPostprocessing = 0;
		};
		D23BE31F23FB539700655B9F /* Sources */ = {
			isa = PBXSourcesBuildPhase;
			buildActionMask = 2147483647;
			files = (
				D23BE32823FB539700655B9F /* Calculate_The_TipTests.swift in Sources */,
			);
			runOnlyForDeploymentPostprocessing = 0;
		};
		D23BE32A23FB539700655B9F /* Sources */ = {
			isa = PBXSourcesBuildPhase;
			buildActionMask = 2147483647;
			files = (
				D23BE33323FB539700655B9F /* Calculate_The_TipUITests.swift in Sources */,
			);
			runOnlyForDeploymentPostprocessing = 0;
		};
/* End PBXSourcesBuildPhase section */

/* Begin PBXTargetDependency section */
		D23BE32523FB539700655B9F /* PBXTargetDependency */ = {
			isa = PBXTargetDependency;
			target = D23BE30C23FB539400655B9F /* Calculate The Tip */;
			targetProxy = D23BE32423FB539700655B9F /* PBXContainerItemProxy */;
		};
		D23BE33023FB539700655B9F /* PBXTargetDependency */ = {
			isa = PBXTargetDependency;
			target = D23BE30C23FB539400655B9F /* Calculate The Tip */;
			targetProxy = D23BE32F23FB539700655B9F /* PBXContainerItemProxy */;
		};
/* End PBXTargetDependency section */

/* Begin PBXVariantGroup section */
		D23BE31623FB539400655B9F /* Main.storyboard */ = {
			isa = PBXVariantGroup;
			children = (
				D23BE31723FB539400655B9F /* Base */,
			);
			name = Main.storyboard;
			sourceTree = "<group>";
		};
		D23BE31B23FB539700655B9F /* LaunchScreen.storyboard */ = {
			isa = PBXVariantGroup;
			children = (
				D23BE31C23FB539700655B9F /* Base */,
			);
			name = LaunchScreen.storyboard;
			sourceTree = "<group>";
		};
/* End PBXVariantGroup section */

/* Begin XCBuildConfiguration section */
		D23BE33523FB539700655B9F /* Debug */ = {
			isa = XCBuildConfiguration;
			buildSettings = {
				ALWAYS_SEARCH_USER_PATHS = NO;
				CLANG_ANALYZER_NONNULL = YES;
				CLANG_ANALYZER_NUMBER_OBJECT_CONVERSION = YES_AGGRESSIVE;
				CLANG_CXX_LANGUAGE_STANDARD = "gnu++14";
				CLANG_CXX_LIBRARY = "libc++";
				CLANG_ENABLE_MODULES = YES;
				CLANG_ENABLE_OBJC_ARC = YES;
				CLANG_ENABLE_OBJC_WEAK = YES;
				CLANG_WARN_BLOCK_CAPTURE_AUTORELEASING = YES;
				CLANG_WARN_BOOL_CONVERSION = YES;
				CLANG_WARN_COMMA = YES;
				CLANG_WARN_CONSTANT_CONVERSION = YES;
				CLANG_WARN_DEPRECATED_OBJC_IMPLEMENTATIONS = YES;
				CLANG_WARN_DIRECT_OBJC_ISA_USAGE = YES_ERROR;
				CLANG_WARN_DOCUMENTATION_COMMENTS = YES;
				CLANG_WARN_EMPTY_BODY = YES;
				CLANG_WARN_ENUM_CONVERSION = YES;
				CLANG_WARN_INFINITE_RECURSION = YES;
				CLANG_WARN_INT_CONVERSION = YES;
				CLANG_WARN_NON_LITERAL_NULL_CONVERSION = YES;
				CLANG_WARN_OBJC_IMPLICIT_RETAIN_SELF = YES;
				CLANG_WARN_OBJC_LITERAL_CONVERSION = YES;
				CLANG_WARN_OBJC_ROOT_CLASS = YES_ERROR;
				CLANG_WARN_RANGE_LOOP_ANALYSIS = YES;
				CLANG_WARN_STRICT_PROTOTYPES = YES;
				CLANG_WARN_SUSPICIOUS_MOVE = YES;
				CLANG_WARN_UNGUARDED_AVAILABILITY = YES_AGGRESSIVE;
				CLANG_WARN_UNREACHABLE_CODE = YES;
				CLANG_WARN__DUPLICATE_METHOD_MATCH = YES;
				COPY_PHASE_STRIP = NO;
				DEBUG_INFORMATION_FORMAT = dwarf;
				ENABLE_STRICT_OBJC_MSGSEND = YES;
				ENABLE_TESTABILITY = YES;
				GCC_C_LANGUAGE_STANDARD = gnu11;
				GCC_DYNAMIC_NO_PIC = NO;
				GCC_NO_COMMON_BLOCKS = YES;
				GCC_OPTIMIZATION_LEVEL = 0;
				GCC_PREPROCESSOR_DEFINITIONS = (
					"DEBUG=1",
					"$(inherited)",
				);
				GCC_WARN_64_TO_32_BIT_CONVERSION = YES;
				GCC_WARN_ABOUT_RETURN_TYPE = YES_ERROR;
				GCC_WARN_UNDECLARED_SELECTOR = YES;
				GCC_WARN_UNINITIALIZED_AUTOS = YES_AGGRESSIVE;
				GCC_WARN_UNUSED_FUNCTION = YES;
				GCC_WARN_UNUSED_VARIABLE = YES;
				IPHONEOS_DEPLOYMENT_TARGET = 13.2;
				MTL_ENABLE_DEBUG_INFO = INCLUDE_SOURCE;
				MTL_FAST_MATH = YES;
				ONLY_ACTIVE_ARCH = YES;
				SDKROOT = iphoneos;
				SWIFT_ACTIVE_COMPILATION_CONDITIONS = DEBUG;
				SWIFT_OPTIMIZATION_LEVEL = "-Onone";
			};
			name = Debug;
		};
		D23BE33623FB539700655B9F /* Release */ = {
			isa = XCBuildConfiguration;
			buildSettings = {
				ALWAYS_SEARCH_USER_PATHS = NO;
				CLANG_ANALYZER_NONNULL = YES;
				CLANG_ANALYZER_NUMBER_OBJECT_CONVERSION = YES_AGGRESSIVE;
				CLANG_CXX_LANGUAGE_STANDARD = "gnu++14";
				CLANG_CXX_LIBRARY = "libc++";
				CLANG_ENABLE_MODULES = YES;
				CLANG_ENABLE_OBJC_ARC = YES;
				CLANG_ENABLE_OBJC_WEAK = YES;
				CLANG_WARN_BLOCK_CAPTURE_AUTORELEASING = YES;
				CLANG_WARN_BOOL_CONVERSION = YES;
				CLANG_WARN_COMMA = YES;
				CLANG_WARN_CONSTANT_CONVERSION = YES;
				CLANG_WARN_DEPRECATED_OBJC_IMPLEMENTATIONS = YES;
				CLANG_WARN_DIRECT_OBJC_ISA_USAGE = YES_ERROR;
				CLANG_WARN_DOCUMENTATION_COMMENTS = YES;
				CLANG_WARN_EMPTY_BODY = YES;
				CLANG_WARN_ENUM_CONVERSION = YES;
				CLANG_WARN_INFINITE_RECURSION = YES;
				CLANG_WARN_INT_CONVERSION = YES;
				CLANG_WARN_NON_LITERAL_NULL_CONVERSION = YES;
				CLANG_WARN_OBJC_IMPLICIT_RETAIN_SELF = YES;
				CLANG_WARN_OBJC_LITERAL_CONVERSION = YES;
				CLANG_WARN_OBJC_ROOT_CLASS = YES_ERROR;
				CLANG_WARN_RANGE_LOOP_ANALYSIS = YES;
				CLANG_WARN_STRICT_PROTOTYPES = YES;
				CLANG_WARN_SUSPICIOUS_MOVE = YES;
				CLANG_WARN_UNGUARDED_AVAILABILITY = YES_AGGRESSIVE;
				CLANG_WARN_UNREACHABLE_CODE = YES;
				CLANG_WARN__DUPLICATE_METHOD_MATCH = YES;
				COPY_PHASE_STRIP = NO;
				DEBUG_INFORMATION_FORMAT = "dwarf-with-dsym";
				ENABLE_NS_ASSERTIONS = NO;
				ENABLE_STRICT_OBJC_MSGSEND = YES;
				GCC_C_LANGUAGE_STANDARD = gnu11;
				GCC_NO_COMMON_BLOCKS = YES;
				GCC_WARN_64_TO_32_BIT_CONVERSION = YES;
				GCC_WARN_ABOUT_RETURN_TYPE = YES_ERROR;
				GCC_WARN_UNDECLARED_SELECTOR = YES;
				GCC_WARN_UNINITIALIZED_AUTOS = YES_AGGRESSIVE;
				GCC_WARN_UNUSED_FUNCTION = YES;
				GCC_WARN_UNUSED_VARIABLE = YES;
				IPHONEOS_DEPLOYMENT_TARGET = 13.2;
				MTL_ENABLE_DEBUG_INFO = NO;
				MTL_FAST_MATH = YES;
				SDKROOT = iphoneos;
				SWIFT_COMPILATION_MODE = wholemodule;
				SWIFT_OPTIMIZATION_LEVEL = "-O";
				VALIDATE_PRODUCT = YES;
			};
			name = Release;
		};
		D23BE33823FB539700655B9F /* Debug */ = {
			isa = XCBuildConfiguration;
			buildSettings = {
				ASSETCATALOG_COMPILER_APPICON_NAME = AppIcon;
				CODE_SIGN_STYLE = Automatic;
				INFOPLIST_FILE = "Calculate The Tip/Info.plist";
				LD_RUNPATH_SEARCH_PATHS = (
					"$(inherited)",
					"@executable_path/Frameworks",
				);
				PRODUCT_BUNDLE_IDENTIFIER = "com.Cleve.Calculate-The-Tip";
				PRODUCT_NAME = "$(TARGET_NAME)";
				SWIFT_VERSION = 5.0;
				TARGETED_DEVICE_FAMILY = "1,2";
			};
			name = Debug;
		};
		D23BE33923FB539700655B9F /* Release */ = {
			isa = XCBuildConfiguration;
			buildSettings = {
				ASSETCATALOG_COMPILER_APPICON_NAME = AppIcon;
				CODE_SIGN_STYLE = Automatic;
				INFOPLIST_FILE = "Calculate The Tip/Info.plist";
				LD_RUNPATH_SEARCH_PATHS = (
					"$(inherited)",
					"@executable_path/Frameworks",
				);
				PRODUCT_BUNDLE_IDENTIFIER = "com.Cleve.Calculate-The-Tip";
				PRODUCT_NAME = "$(TARGET_NAME)";
				SWIFT_VERSION = 5.0;
				TARGETED_DEVICE_FAMILY = "1,2";
			};
			name = Release;
		};
		D23BE33B23FB539700655B9F /* Debug */ = {
			isa = XCBuildConfiguration;
			buildSettings = {
				ALWAYS_EMBED_SWIFT_STANDARD_LIBRARIES = YES;
				BUNDLE_LOADER = "$(TEST_HOST)";
				CODE_SIGN_STYLE = Automatic;
				INFOPLIST_FILE = "Calculate The TipTests/Info.plist";
				IPHONEOS_DEPLOYMENT_TARGET = 13.2;
				LD_RUNPATH_SEARCH_PATHS = (
					"$(inherited)",
					"@executable_path/Frameworks",
					"@loader_path/Frameworks",
				);
				PRODUCT_BUNDLE_IDENTIFIER = "com.Cleve.Calculate-The-TipTests";
				PRODUCT_NAME = "$(TARGET_NAME)";
				SWIFT_VERSION = 5.0;
				TARGETED_DEVICE_FAMILY = "1,2";
				TEST_HOST = "$(BUILT_PRODUCTS_DIR)/Calculate The Tip.app/Calculate The Tip";
			};
			name = Debug;
		};
		D23BE33C23FB539700655B9F /* Release */ = {
			isa = XCBuildConfiguration;
			buildSettings = {
				ALWAYS_EMBED_SWIFT_STANDARD_LIBRARIES = YES;
				BUNDLE_LOADER = "$(TEST_HOST)";
				CODE_SIGN_STYLE = Automatic;
				INFOPLIST_FILE = "Calculate The TipTests/Info.plist";
				IPHONEOS_DEPLOYMENT_TARGET = 13.2;
				LD_RUNPATH_SEARCH_PATHS = (
					"$(inherited)",
					"@executable_path/Frameworks",
					"@loader_path/Frameworks",
				);
				PRODUCT_BUNDLE_IDENTIFIER = "com.Cleve.Calculate-The-TipTests";
				PRODUCT_NAME = "$(TARGET_NAME)";
				SWIFT_VERSION = 5.0;
				TARGETED_DEVICE_FAMILY = "1,2";
				TEST_HOST = "$(BUILT_PRODUCTS_DIR)/Calculate The Tip.app/Calculate The Tip";
			};
			name = Release;
		};
		D23BE33E23FB539700655B9F /* Debug */ = {
			isa = XCBuildConfiguration;
			buildSettings = {
				ALWAYS_EMBED_SWIFT_STANDARD_LIBRARIES = YES;
				CODE_SIGN_STYLE = Automatic;
				INFOPLIST_FILE = "Calculate The TipUITests/Info.plist";
				LD_RUNPATH_SEARCH_PATHS = (
					"$(inherited)",
					"@executable_path/Frameworks",
					"@loader_path/Frameworks",
				);
				PRODUCT_BUNDLE_IDENTIFIER = "com.Cleve.Calculate-The-TipUITests";
				PRODUCT_NAME = "$(TARGET_NAME)";
				SWIFT_VERSION = 5.0;
				TARGETED_DEVICE_FAMILY = "1,2";
				TEST_TARGET_NAME = "Calculate The Tip";
			};
			name = Debug;
		};
		D23BE33F23FB539700655B9F /* Release */ = {
			isa = XCBuildConfiguration;
			buildSettings = {
				ALWAYS_EMBED_SWIFT_STANDARD_LIBRARIES = YES;
				CODE_SIGN_STYLE = Automatic;
				INFOPLIST_FILE = "Calculate The TipUITests/Info.plist";
				LD_RUNPATH_SEARCH_PATHS = (
					"$(inherited)",
					"@executable_path/Frameworks",
					"@loader_path/Frameworks",
				);
				PRODUCT_BUNDLE_IDENTIFIER = "com.Cleve.Calculate-The-TipUITests";
				PRODUCT_NAME = "$(TARGET_NAME)";
				SWIFT_VERSION = 5.0;
				TARGETED_DEVICE_FAMILY = "1,2";
				TEST_TARGET_NAME = "Calculate The Tip";
			};
			name = Release;
		};
/* End XCBuildConfiguration section */

/* Begin XCConfigurationList section */
		D23BE30823FB539400655B9F /* Build configuration list for PBXProject "Calculate The Tip" */ = {
			isa = XCConfigurationList;
			buildConfigurations = (
				D23BE33523FB539700655B9F /* Debug */,
				D23BE33623FB539700655B9F /* Release */,
			);
			defaultConfigurationIsVisible = 0;
			defaultConfigurationName = Release;
		};
		D23BE33723FB539700655B9F /* Build configuration list for PBXNativeTarget "Calculate The Tip" */ = {
			isa = XCConfigurationList;
			buildConfigurations = (
				D23BE33823FB539700655B9F /* Debug */,
				D23BE33923FB539700655B9F /* Release */,
			);
			defaultConfigurationIsVisible = 0;
			defaultConfigurationName = Release;
		};
		D23BE33A23FB539700655B9F /* Build configuration list for PBXNativeTarget "Calculate The TipTests" */ = {
			isa = XCConfigurationList;
			buildConfigurations = (
				D23BE33B23FB539700655B9F /* Debug */,
				D23BE33C23FB539700655B9F /* Release */,
			);
			defaultConfigurationIsVisible = 0;
			defaultConfigurationName = Release;
		};
		D23BE33D23FB539700655B9F /* Build configuration list for PBXNativeTarget "Calculate The TipUITests" */ = {
			isa = XCConfigurationList;
			buildConfigurations = (
				D23BE33E23FB539700655B9F /* Debug */,
				D23BE33F23FB539700655B9F /* Release */,
			);
			defaultConfigurationIsVisible = 0;
			defaultConfigurationName = Release;
		};
/* End XCConfigurationList section */
	};
	rootObject = D23BE30523FB539400655B9F /* Project object */;
}
